
Microsoft Visual Studio Solution File, Format Version 12.00
# Visual Studio 15
Project("{FAE04EC0-301F-11D3-BF4B-00C04F79EFBC}") = "Assembly-CSharp", "Assembly-CSharp.csproj", "{533C6353-CC65-4E06-39DD-8844ACFA10BE}"
EndProject
Global
	GlobalSection(SolutionConfigurationPlatforms) = preSolution
		Debug|Any CPU = Debug|Any CPU
		Release|Any CPU = Release|Any CPU
	EndGlobalSection
	GlobalSection(ProjectConfigurationPlatforms) = postSolution
		{533C6353-CC65-4E06-39DD-8844ACFA10BE}.Debug|Any CPU.ActiveCfg = Debug|Any CPU
		{533C6353-CC65-4E06-39DD-8844ACFA10BE}.Debug|Any CPU.Build.0 = Debug|Any CPU
		{533C6353-CC65-4E06-39DD-8844ACFA10BE}.Release|Any CPU.ActiveCfg = Release|Any CPU
		{533C6353-CC65-4E06-39DD-8844ACFA10BE}.Release|Any CPU.Build.0 = Release|Any CPU
	EndGlobalSection
	GlobalSection(SolutionProperties) = preSolution
		HideSolutionNode = FALSE
	EndGlobalSection
EndGlobal
